
Microsoft Visual Studio Solution File, Format Version 12.00
# Visual Studio 15
VisualStudioVersion = 15.0.26228.4
MinimumVisualStudioVersion = 10.0.40219.1
Project("{2150E333-8FDC-42A3-9474-1A3956D46DE8}") = "0.Common", "0.Common", "{CA195AD4-CAAE-489D-AA01-1A6220505641}"
EndProject
Project("{2150E333-8FDC-42A3-9474-1A3956D46DE8}") = "1.Domain", "1.Domain", "{22D766DE-FDAF-48D9-9CF0-1236874735D9}"
EndProject
Project("{2150E333-8FDC-42A3-9474-1A3956D46DE8}") = "2.DataAccess", "2.DataAccess", "{07BA7140-9260-43DA-98C7-5AFA1F7F7B10}"
EndProject
Project("{2150E333-8FDC-42A3-9474-1A3956D46DE8}") = "3.Workflow", "3.Workflow", "{37B86494-A309-4E59-8076-7E384C0AAE10}"
EndProject
Project("{2150E333-8FDC-42A3-9474-1A3956D46DE8}") = "4.Web", "4.Web", "{D88AB980-07B0-4FEC-B728-3719F31C125C}"
EndProject
Project("{FAE04EC0-301F-11D3-BF4B-00C04F79EFBC}") = "UxForms.WebApi", "src\UxForms.WebApi\UxForms.WebApi.csproj", "{9DCE28D6-6890-44CC-8136-72D5A00F4D4E}"
EndProject
Project("{FAE04EC0-301F-11D3-BF4B-00C04F79EFBC}") = "UxForms.Domain", "src\UxForms.Domain\UxForms.Domain.csproj", "{0022D0D0-D334-405F-A756-A048CCEB4649}"
EndProject
Project("{FAE04EC0-301F-11D3-BF4B-00C04F79EFBC}") = "UxForms.Repository", "src\UxForms.Repository\UxForms.Repository.csproj", "{62C39C66-D7FF-4517-8382-2A6DCE568D64}"
EndProject
Project("{FAE04EC0-301F-11D3-BF4B-00C04F79EFBC}") = "UxForms.Workflow", "src\UxForms.Workflow\UxForms.Workflow.csproj", "{CA85702B-9D3F-4BF9-84A4-21C2A2D3FC31}"
EndProject
Global
	GlobalSection(SolutionConfigurationPlatforms) = preSolution
		Debug|Any CPU = Debug|Any CPU
		Release|Any CPU = Release|Any CPU
	EndGlobalSection
	GlobalSection(ProjectConfigurationPlatforms) = postSolution
		{9DCE28D6-6890-44CC-8136-72D5A00F4D4E}.Debug|Any CPU.ActiveCfg = Debug|Any CPU
		{9DCE28D6-6890-44CC-8136-72D5A00F4D4E}.Debug|Any CPU.Build.0 = Debug|Any CPU
		{9DCE28D6-6890-44CC-8136-72D5A00F4D4E}.Release|Any CPU.ActiveCfg = Release|Any CPU
		{9DCE28D6-6890-44CC-8136-72D5A00F4D4E}.Release|Any CPU.Build.0 = Release|Any CPU
		{0022D0D0-D334-405F-A756-A048CCEB4649}.Debug|Any CPU.ActiveCfg = Debug|Any CPU
		{0022D0D0-D334-405F-A756-A048CCEB4649}.Debug|Any CPU.Build.0 = Debug|Any CPU
		{0022D0D0-D334-405F-A756-A048CCEB4649}.Release|Any CPU.ActiveCfg = Release|Any CPU
		{0022D0D0-D334-405F-A756-A048CCEB4649}.Release|Any CPU.Build.0 = Release|Any CPU
		{62C39C66-D7FF-4517-8382-2A6DCE568D64}.Debug|Any CPU.ActiveCfg = Debug|Any CPU
		{62C39C66-D7FF-4517-8382-2A6DCE568D64}.Debug|Any CPU.Build.0 = Debug|Any CPU
		{62C39C66-D7FF-4517-8382-2A6DCE568D64}.Release|Any CPU.ActiveCfg = Release|Any CPU
		{62C39C66-D7FF-4517-8382-2A6DCE568D64}.Release|Any CPU.Build.0 = Release|Any CPU
		{CA85702B-9D3F-4BF9-84A4-21C2A2D3FC31}.Debug|Any CPU.ActiveCfg = Debug|Any CPU
		{CA85702B-9D3F-4BF9-84A4-21C2A2D3FC31}.Debug|Any CPU.Build.0 = Debug|Any CPU
		{CA85702B-9D3F-4BF9-84A4-21C2A2D3FC31}.Release|Any CPU.ActiveCfg = Release|Any CPU
		{CA85702B-9D3F-4BF9-84A4-21C2A2D3FC31}.Release|Any CPU.Build.0 = Release|Any CPU
	EndGlobalSection
	GlobalSection(SolutionProperties) = preSolution
		HideSolutionNode = FALSE
	EndGlobalSection
	GlobalSection(NestedProjects) = preSolution
		{9DCE28D6-6890-44CC-8136-72D5A00F4D4E} = {D88AB980-07B0-4FEC-B728-3719F31C125C}
		{0022D0D0-D334-405F-A756-A048CCEB4649} = {22D766DE-FDAF-48D9-9CF0-1236874735D9}
		{62C39C66-D7FF-4517-8382-2A6DCE568D64} = {07BA7140-9260-43DA-98C7-5AFA1F7F7B10}
		{CA85702B-9D3F-4BF9-84A4-21C2A2D3FC31} = {37B86494-A309-4E59-8076-7E384C0AAE10}
	EndGlobalSection
EndGlobal
